
Microsoft Visual Studio Solution File, Format Version 12.00
# Visual Studio Version 17
VisualStudioVersion = 17.5.002.0
MinimumVisualStudioVersion = 10.0.40219.1
Project("{9A19103F-16F7-4668-BE54-9A1E7A4F7556}") = "ISE102_Assessment", "ISE102_Assessment.csproj", "{796528CC-E1DB-4139-865C-FF029283B845}"
EndProject
Global
	GlobalSection(SolutionConfigurationPlatforms) = preSolution
		Debug|Any CPU = Debug|Any CPU
		Release|Any CPU = Release|Any CPU
	EndGlobalSection
	GlobalSection(ProjectConfigurationPlatforms) = postSolution
		{796528CC-E1DB-4139-865C-FF029283B845}.Debug|Any CPU.ActiveCfg = Debug|Any CPU
		{796528CC-E1DB-4139-865C-FF029283B845}.Debug|Any CPU.Build.0 = Debug|Any CPU
		{796528CC-E1DB-4139-865C-FF029283B845}.Release|Any CPU.ActiveCfg = Release|Any CPU
		{796528CC-E1DB-4139-865C-FF029283B845}.Release|Any CPU.Build.0 = Release|Any CPU
	EndGlobalSection
	GlobalSection(SolutionProperties) = preSolution
		HideSolutionNode = FALSE
	EndGlobalSection
	GlobalSection(ExtensibilityGlobals) = postSolution
		SolutionGuid = {AF017B0B-7F05-4DF6-BE86-2BF6C424D9BC}
	EndGlobalSection
EndGlobal
